
Microsoft Visual Studio Solution File, Format Version 12.00
# Visual Studio 15
VisualStudioVersion = 15.0.27130.2027
MinimumVisualStudioVersion = 10.0.40219.1
Project("{FAE04EC0-301F-11D3-BF4B-00C04F79EFBC}") = "Rengoku'sAttackSpreadSheet", "Rengoku'sAttackSpreadSheet\Rengoku'sAttackSpreadSheet.csproj", "{5BCDE172-53C0-482D-9C6C-BCF69E623790}"
EndProject
Global
	GlobalSection(SolutionConfigurationPlatforms) = preSolution
		Debug|Any CPU = Debug|Any CPU
		Release|Any CPU = Release|Any CPU
	EndGlobalSection
	GlobalSection(ProjectConfigurationPlatforms) = postSolution
		{5BCDE172-53C0-482D-9C6C-BCF69E623790}.Debug|Any CPU.ActiveCfg = Debug|Any CPU
		{5BCDE172-53C0-482D-9C6C-BCF69E623790}.Debug|Any CPU.Build.0 = Debug|Any CPU
		{5BCDE172-53C0-482D-9C6C-BCF69E623790}.Release|Any CPU.ActiveCfg = Release|Any CPU
		{5BCDE172-53C0-482D-9C6C-BCF69E623790}.Release|Any CPU.Build.0 = Release|Any CPU
	EndGlobalSection
	GlobalSection(SolutionProperties) = preSolution
		HideSolutionNode = FALSE
	EndGlobalSection
	GlobalSection(ExtensibilityGlobals) = postSolution
		SolutionGuid = {392476A4-F3D2-4765-A59A-496CBA496402}
	EndGlobalSection
EndGlobal
